
Microsoft Visual Studio Solution File, Format Version 12.00
# Visual Studio Version 17
VisualStudioVersion = 17.0.31903.59
MinimumVisualStudioVersion = 10.0.40219.1
Project("{FAE04EC0-301F-11D3-BF4B-00C04F79EFBC}") = "Domain", "Domain\Domain.csproj", "{813A4205-ADA5-4FA5-8845-17E4A94E0FD4}"
EndProject
Project("{FAE04EC0-301F-11D3-BF4B-00C04F79EFBC}") = "Core", "Core\Core.csproj", "{932D0911-1F2C-420F-8384-DD774CDD4911}"
EndProject
Project("{FAE04EC0-301F-11D3-BF4B-00C04F79EFBC}") = "Infra", "Infra\Infra.csproj", "{5ECF5499-EB45-43F6-9216-2FB8119FEDA9}"
EndProject
Project("{FAE04EC0-301F-11D3-BF4B-00C04F79EFBC}") = "API", "API\API.csproj", "{4E490EE7-A9E8-4255-B91C-A66B0521C50C}"
EndProject
Global
	GlobalSection(SolutionConfigurationPlatforms) = preSolution
		Debug|Any CPU = Debug|Any CPU
		Release|Any CPU = Release|Any CPU
	EndGlobalSection
	GlobalSection(SolutionProperties) = preSolution
		HideSolutionNode = FALSE
	EndGlobalSection
	GlobalSection(ProjectConfigurationPlatforms) = postSolution
		{813A4205-ADA5-4FA5-8845-17E4A94E0FD4}.Debug|Any CPU.ActiveCfg = Debug|Any CPU
		{813A4205-ADA5-4FA5-8845-17E4A94E0FD4}.Debug|Any CPU.Build.0 = Debug|Any CPU
		{813A4205-ADA5-4FA5-8845-17E4A94E0FD4}.Release|Any CPU.ActiveCfg = Release|Any CPU
		{813A4205-ADA5-4FA5-8845-17E4A94E0FD4}.Release|Any CPU.Build.0 = Release|Any CPU
		{932D0911-1F2C-420F-8384-DD774CDD4911}.Debug|Any CPU.ActiveCfg = Debug|Any CPU
		{932D0911-1F2C-420F-8384-DD774CDD4911}.Debug|Any CPU.Build.0 = Debug|Any CPU
		{932D0911-1F2C-420F-8384-DD774CDD4911}.Release|Any CPU.ActiveCfg = Release|Any CPU
		{932D0911-1F2C-420F-8384-DD774CDD4911}.Release|Any CPU.Build.0 = Release|Any CPU
		{5ECF5499-EB45-43F6-9216-2FB8119FEDA9}.Debug|Any CPU.ActiveCfg = Debug|Any CPU
		{5ECF5499-EB45-43F6-9216-2FB8119FEDA9}.Debug|Any CPU.Build.0 = Debug|Any CPU
		{5ECF5499-EB45-43F6-9216-2FB8119FEDA9}.Release|Any CPU.ActiveCfg = Release|Any CPU
		{5ECF5499-EB45-43F6-9216-2FB8119FEDA9}.Release|Any CPU.Build.0 = Release|Any CPU
		{4E490EE7-A9E8-4255-B91C-A66B0521C50C}.Debug|Any CPU.ActiveCfg = Debug|Any CPU
		{4E490EE7-A9E8-4255-B91C-A66B0521C50C}.Debug|Any CPU.Build.0 = Debug|Any CPU
		{4E490EE7-A9E8-4255-B91C-A66B0521C50C}.Release|Any CPU.ActiveCfg = Release|Any CPU
		{4E490EE7-A9E8-4255-B91C-A66B0521C50C}.Release|Any CPU.Build.0 = Release|Any CPU
	EndGlobalSection
EndGlobal
